<?xml version="1.0" encoding="UTF-8"?>
<!DOCTYPE plist PUBLIC "-//Apple//DTD PLIST 1.0//EN" "http://www.apple.com/DTDs/PropertyList-1.0.dtd">
<plist version="1.0">
<dict>
	<key>archiveVersion</key>
	<string>1</string>
	<key>classes</key>
	<dict/>
	<key>objectVersion</key>
	<string>46</string>
	<key>objects</key>
	<dict>
		<key>7DDEBE5F0EE94C98BA11B983</key>
		<dict>
			<key>explicitFileType</key>
			<string>archive.ar</string>
			<key>includeInIndex</key>
			<string>0</string>
			<key>isa</key>
			<string>PBXFileReference</string>
			<key>path</key>
			<string>libPods.a</string>
			<key>sourceTree</key>
			<string>BUILT_PRODUCTS_DIR</string>
		</dict>
		<key>83EA3C50DCFE4B50AE9661E9</key>
		<dict>
			<key>children</key>
			<array>
				<string>7DDEBE5F0EE94C98BA11B983</string>
			</array>
			<key>isa</key>
			<string>PBXGroup</string>
			<key>name</key>
			<string>Frameworks</string>
			<key>sourceTree</key>
			<string>&lt;group&gt;</string>
		</dict>
		<key>AC8AF352C6C5407B99274006</key>
		<dict>
			<key>fileRef</key>
			<string>7DDEBE5F0EE94C98BA11B983</string>
			<key>isa</key>
			<string>PBXBuildFile</string>
		</dict>
		<key>ACA55F3D39F647E2B50C71B9</key>
		<dict>
			<key>buildActionMask</key>
			<string>2147483647</string>
			<key>files</key>
			<array/>
			<key>inputPaths</key>
			<array/>
			<key>isa</key>
			<string>PBXShellScriptBuildPhase</string>
			<key>name</key>
			<string>Copy Pods Resources</string>
			<key>outputPaths</key>
			<array/>
			<key>runOnlyForDeploymentPostprocessing</key>
			<string>0</string>
			<key>shellPath</key>
			<string>/bin/sh</string>
			<key>shellScript</key>
			<string>"${SRCROOT}/Pods/Pods-resources.sh"
</string>
			<key>showEnvVarsInLog</key>
			<string>0</string>
		</dict>
		<key>E5CD4F6D93954F0EB6E2A0BB</key>
		<dict>
			<key>includeInIndex</key>
			<string>1</string>
			<key>isa</key>
			<string>PBXFileReference</string>
			<key>lastKnownFileType</key>
			<string>text.xcconfig</string>
			<key>name</key>
			<string>Pods.xcconfig</string>
			<key>path</key>
			<string>Pods/Pods.xcconfig</string>
			<key>sourceTree</key>
			<string>&lt;group&gt;</string>
		</dict>
		<key>F89B6672B0084A3E80EF10EA</key>
		<dict>
			<key>buildActionMask</key>
			<string>2147483647</string>
			<key>files</key>
			<array/>
			<key>inputPaths</key>
			<array/>
			<key>isa</key>
			<string>PBXShellScriptBuildPhase</string>
			<key>name</key>
			<string>Check Pods Manifest.lock</string>
			<key>outputPaths</key>
			<array/>
			<key>runOnlyForDeploymentPostprocessing</key>
			<string>0</string>
			<key>shellPath</key>
			<string>/bin/sh</string>
			<key>shellScript</key>
			<string>diff "${PODS_ROOT}/../Podfile.lock" "${PODS_ROOT}/Manifest.lock" &gt; /dev/null
if [[ $? != 0 ]] ; then
    cat &lt;&lt; EOM
error: The sandbox is not in sync with the Podfile.lock. Run 'pod install' or update your CocoaPods installation.
EOM
    exit 1
fi
</string>
			<key>showEnvVarsInLog</key>
			<string>0</string>
		</dict>
		<key>FA064A32195AC9930009F404</key>
		<dict>
			<key>children</key>
			<array>
				<string>FA064A3D195AC9930009F404</string>
				<string>FA064A4E195AC9930009F404</string>
				<string>FA064A3C195AC9930009F404</string>
				<string>E5CD4F6D93954F0EB6E2A0BB</string>
				<string>83EA3C50DCFE4B50AE9661E9</string>
			</array>
			<key>isa</key>
			<string>PBXGroup</string>
			<key>sourceTree</key>
			<string>&lt;group&gt;</string>
		</dict>
		<key>FA064A33195AC9930009F404</key>
		<dict>
			<key>attributes</key>
			<dict>
				<key>LastUpgradeCheck</key>
				<string>0600</string>
				<key>ORGANIZATIONNAME</key>
				<string>&#24819;&#24403;&#24403;</string>
				<key>TargetAttributes</key>
				<dict>
					<key>FA064A3A195AC9930009F404</key>
					<dict>
						<key>CreatedOnToolsVersion</key>
						<string>6.0</string>
					</dict>
					<key>FA064A4A195AC9930009F404</key>
					<dict>
						<key>CreatedOnToolsVersion</key>
						<string>6.0</string>
						<key>TestTargetID</key>
						<string>FA064A3A195AC9930009F404</string>
					</dict>
				</dict>
			</dict>
			<key>buildConfigurationList</key>
			<string>FA064A36195AC9930009F404</string>
			<key>compatibilityVersion</key>
			<string>Xcode 3.2</string>
			<key>developmentRegion</key>
			<string>English</string>
			<key>hasScannedForEncodings</key>
			<string>0</string>
			<key>isa</key>
			<string>PBXProject</string>
			<key>knownRegions</key>
			<array>
				<string>en</string>
			</array>
			<key>mainGroup</key>
			<string>FA064A32195AC9930009F404</string>
			<key>productRefGroup</key>
			<string>FA064A3C195AC9930009F404</string>
			<key>projectDirPath</key>
			<string></string>
			<key>projectReferences</key>
			<array/>
			<key>projectRoot</key>
			<string></string>
			<key>targets</key>
			<array>
				<string>FA064A3A195AC9930009F404</string>
				<string>FA064A4A195AC9930009F404</string>
			</array>
		</dict>
		<key>FA064A36195AC9930009F404</key>
		<dict>
			<key>buildConfigurations</key>
			<array>
				<string>FA064A53195AC9930009F404</string>
				<string>FA064A54195AC9930009F404</string>
			</array>
			<key>defaultConfigurationIsVisible</key>
			<string>0</string>
			<key>defaultConfigurationName</key>
			<string>Release</string>
			<key>isa</key>
			<string>XCConfigurationList</string>
		</dict>
		<key>FA064A37195AC9930009F404</key>
		<dict>
			<key>buildActionMask</key>
			<string>2147483647</string>
			<key>files</key>
			<array>
				<string>FA064A7E195AC9EA0009F404</string>
				<string>FA064A9E195ACEAF0009F404</string>
				<string>FA064A8F195AC9EA0009F404</string>
				<string>FA064A84195AC9EA0009F404</string>
				<string>FA064AA2195ACEAF0009F404</string>
				<string>FA064A83195AC9EA0009F404</string>
				<string>FA064A7C195AC9EA0009F404</string>
				<string>FA064A92195AC9EA0009F404</string>
				<string>FA064AA0195ACEAF0009F404</string>
				<string>FA064A7D195AC9EA0009F404</string>
				<string>FA064AA1195ACEAF0009F404</string>
				<string>FA064A8E195AC9EA0009F404</string>
				<string>FA064A82195AC9EA0009F404</string>
				<string>FA064A9F195ACEAF0009F404</string>
				<string>FA064A81195AC9EA0009F404</string>
				<string>FA064A41195AC9930009F404</string>
				<string>FA064A7F195AC9EA0009F404</string>
				<string>FA064A80195AC9EA0009F404</string>
				<string>FA064A85195AC9EA0009F404</string>
				<string>FA064A44195AC9930009F404</string>
				<string>FA064AA3195ACEAF0009F404</string>
			</array>
			<key>isa</key>
			<string>PBXSourcesBuildPhase</string>
			<key>runOnlyForDeploymentPostprocessing</key>
			<string>0</string>
		</dict>
		<key>FA064A38195AC9930009F404</key>
		<dict>
			<key>buildActionMask</key>
			<string>2147483647</string>
			<key>files</key>
			<array>
				<string>AC8AF352C6C5407B99274006</string>
			</array>
			<key>isa</key>
			<string>PBXFrameworksBuildPhase</string>
			<key>runOnlyForDeploymentPostprocessing</key>
			<string>0</string>
		</dict>
		<key>FA064A39195AC9930009F404</key>
		<dict>
			<key>buildActionMask</key>
			<string>2147483647</string>
			<key>files</key>
			<array>
				<string>FA064A8D195AC9EA0009F404</string>
				<string>FA064A8A195AC9EA0009F404</string>
				<string>FA064A90195AC9EA0009F404</string>
				<string>FA064A89195AC9EA0009F404</string>
				<string>FA064A87195AC9EA0009F404</string>
				<string>FA064A46195AC9930009F404</string>
				<string>FA064A88195AC9EA0009F404</string>
				<string>FA064A8B195AC9EA0009F404</string>
				<string>FA064A86195AC9EA0009F404</string>
				<string>FA064A8C195AC9EA0009F404</string>
			</array>
			<key>isa</key>
			<string>PBXResourcesBuildPhase</string>
			<key>runOnlyForDeploymentPostprocessing</key>
			<string>0</string>
		</dict>
		<key>FA064A3A195AC9930009F404</key>
		<dict>
			<key>buildConfigurationList</key>
			<string>FA064A55195AC9930009F404</string>
			<key>buildPhases</key>
			<array>
				<string>F89B6672B0084A3E80EF10EA</string>
				<string>FA064A37195AC9930009F404</string>
				<string>FA064A38195AC9930009F404</string>
				<string>FA064A39195AC9930009F404</string>
				<string>ACA55F3D39F647E2B50C71B9</string>
			</array>
			<key>buildRules</key>
			<array/>
			<key>dependencies</key>
			<array/>
			<key>isa</key>
			<string>PBXNativeTarget</string>
			<key>name</key>
			<string>Portal</string>
			<key>productName</key>
			<string>Portal</string>
			<key>productReference</key>
			<string>FA064A3B195AC9930009F404</string>
			<key>productType</key>
			<string>com.apple.product-type.application</string>
		</dict>
		<key>FA064A3B195AC9930009F404</key>
		<dict>
			<key>explicitFileType</key>
			<string>wrapper.application</string>
			<key>includeInIndex</key>
			<string>0</string>
			<key>isa</key>
			<string>PBXFileReference</string>
			<key>path</key>
			<string>Portal.app</string>
			<key>sourceTree</key>
			<string>BUILT_PRODUCTS_DIR</string>
		</dict>
		<key>FA064A3C195AC9930009F404</key>
		<dict>
			<key>children</key>
			<array>
				<string>FA064A3B195AC9930009F404</string>
				<string>FA064A4B195AC9930009F404</string>
			</array>
			<key>isa</key>
			<string>PBXGroup</string>
			<key>name</key>
			<string>Products</string>
			<key>sourceTree</key>
			<string>&lt;group&gt;</string>
		</dict>
		<key>FA064A3D195AC9930009F404</key>
		<dict>
			<key>children</key>
			<array>
				<string>FA064A97195ACEAF0009F404</string>
				<string>FA064A5B195AC9EA0009F404</string>
				<string>FA064A66195AC9EA0009F404</string>
				<string>FA064A71195AC9EA0009F404</string>
				<string>FA064A74195AC9EA0009F404</string>
				<string>FA064A76195AC9EA0009F404</string>
				<string>FA064A7B195AC9EA0009F404</string>
				<string>FA064A40195AC9930009F404</string>
				<string>FA064A45195AC9930009F404</string>
				<string>FA064A42195AC9930009F404</string>
				<string>FA064A3E195AC9930009F404</string>
				<string>FA064A96195ACD510009F404</string>
			</array>
			<key>isa</key>
			<string>PBXGroup</string>
			<key>path</key>
			<string>Portal</string>
			<key>sourceTree</key>
			<string>&lt;group&gt;</string>
		</dict>
		<key>FA064A3E195AC9930009F404</key>
		<dict>
			<key>children</key>
			<array>
				<string>FA064A3F195AC9930009F404</string>
			</array>
			<key>isa</key>
			<string>PBXGroup</string>
			<key>name</key>
			<string>Supporting Files</string>
			<key>sourceTree</key>
			<string>&lt;group&gt;</string>
		</dict>
		<key>FA064A3F195AC9930009F404</key>
		<dict>
			<key>isa</key>
			<string>PBXFileReference</string>
			<key>lastKnownFileType</key>
			<string>text.plist.xml</string>
			<key>path</key>
			<string>Info.plist</string>
			<key>sourceTree</key>
			<string>&lt;group&gt;</string>
		</dict>
		<key>FA064A40195AC9930009F404</key>
		<dict>
			<key>isa</key>
			<string>PBXFileReference</string>
			<key>lastKnownFileType</key>
			<string>sourcecode.swift</string>
			<key>path</key>
			<string>AppDelegate.swift</string>
			<key>sourceTree</key>
			<string>&lt;group&gt;</string>
		</dict>
		<key>FA064A41195AC9930009F404</key>
		<dict>
			<key>fileRef</key>
			<string>FA064A40195AC9930009F404</string>
			<key>isa</key>
			<string>PBXBuildFile</string>
		</dict>
		<key>FA064A42195AC9930009F404</key>
		<dict>
			<key>children</key>
			<array>
				<string>FA064A43195AC9930009F404</string>
			</array>
			<key>currentVersion</key>
			<string>FA064A43195AC9930009F404</string>
			<key>isa</key>
			<string>XCVersionGroup</string>
			<key>path</key>
			<string>Portal.xcdatamodeld</string>
			<key>sourceTree</key>
			<string>&lt;group&gt;</string>
			<key>versionGroupType</key>
			<string>wrapper.xcdatamodel</string>
		</dict>
		<key>FA064A43195AC9930009F404</key>
		<dict>
			<key>isa</key>
			<string>PBXFileReference</string>
			<key>lastKnownFileType</key>
			<string>wrapper.xcdatamodel</string>
			<key>path</key>
			<string>Portal.xcdatamodel</string>
			<key>sourceTree</key>
			<string>&lt;group&gt;</string>
		</dict>
		<key>FA064A44195AC9930009F404</key>
		<dict>
			<key>fileRef</key>
			<string>FA064A42195AC9930009F404</string>
			<key>isa</key>
			<string>PBXBuildFile</string>
		</dict>
		<key>FA064A45195AC9930009F404</key>
		<dict>
			<key>isa</key>
			<string>PBXFileReference</string>
			<key>lastKnownFileType</key>
			<string>folder.assetcatalog</string>
			<key>path</key>
			<string>Images.xcassets</string>
			<key>sourceTree</key>
			<string>&lt;group&gt;</string>
		</dict>
		<key>FA064A46195AC9930009F404</key>
		<dict>
			<key>fileRef</key>
			<string>FA064A45195AC9930009F404</string>
			<key>isa</key>
			<string>PBXBuildFile</string>
		</dict>
		<key>FA064A47195AC9930009F404</key>
		<dict>
			<key>buildActionMask</key>
			<string>2147483647</string>
			<key>files</key>
			<array>
				<string>FA064A52195AC9930009F404</string>
			</array>
			<key>isa</key>
			<string>PBXSourcesBuildPhase</string>
			<key>runOnlyForDeploymentPostprocessing</key>
			<string>0</string>
		</dict>
		<key>FA064A48195AC9930009F404</key>
		<dict>
			<key>buildActionMask</key>
			<string>2147483647</string>
			<key>files</key>
			<array/>
			<key>isa</key>
			<string>PBXFrameworksBuildPhase</string>
			<key>runOnlyForDeploymentPostprocessing</key>
			<string>0</string>
		</dict>
		<key>FA064A49195AC9930009F404</key>
		<dict>
			<key>buildActionMask</key>
			<string>2147483647</string>
			<key>files</key>
			<array/>
			<key>isa</key>
			<string>PBXResourcesBuildPhase</string>
			<key>runOnlyForDeploymentPostprocessing</key>
			<string>0</string>
		</dict>
		<key>FA064A4A195AC9930009F404</key>
		<dict>
			<key>buildConfigurationList</key>
			<string>FA064A58195AC9930009F404</string>
			<key>buildPhases</key>
			<array>
				<string>FA064A47195AC9930009F404</string>
				<string>FA064A48195AC9930009F404</string>
				<string>FA064A49195AC9930009F404</string>
			</array>
			<key>buildRules</key>
			<array/>
			<key>dependencies</key>
			<array>
				<string>FA064A4D195AC9930009F404</string>
			</array>
			<key>isa</key>
			<string>PBXNativeTarget</string>
			<key>name</key>
			<string>PortalTests</string>
			<key>productName</key>
			<string>PortalTests</string>
			<key>productReference</key>
			<string>FA064A4B195AC9930009F404</string>
			<key>productType</key>
			<string>com.apple.product-type.bundle.unit-test</string>
		</dict>
		<key>FA064A4B195AC9930009F404</key>
		<dict>
			<key>explicitFileType</key>
			<string>wrapper.cfbundle</string>
			<key>includeInIndex</key>
			<string>0</string>
			<key>isa</key>
			<string>PBXFileReference</string>
			<key>path</key>
			<string>PortalTests.xctest</string>
			<key>sourceTree</key>
			<string>BUILT_PRODUCTS_DIR</string>
		</dict>
		<key>FA064A4C195AC9930009F404</key>
		<dict>
			<key>containerPortal</key>
			<string>FA064A33195AC9930009F404</string>
			<key>isa</key>
			<string>PBXContainerItemProxy</string>
			<key>proxyType</key>
			<string>1</string>
			<key>remoteGlobalIDString</key>
			<string>FA064A3A195AC9930009F404</string>
			<key>remoteInfo</key>
			<string>Portal</string>
		</dict>
		<key>FA064A4D195AC9930009F404</key>
		<dict>
			<key>isa</key>
			<string>PBXTargetDependency</string>
			<key>target</key>
			<string>FA064A3A195AC9930009F404</string>
			<key>targetProxy</key>
			<string>FA064A4C195AC9930009F404</string>
		</dict>
		<key>FA064A4E195AC9930009F404</key>
		<dict>
			<key>children</key>
			<array>
				<string>FA064A51195AC9930009F404</string>
				<string>FA064A4F195AC9930009F404</string>
			</array>
			<key>isa</key>
			<string>PBXGroup</string>
			<key>path</key>
			<string>PortalTests</string>
			<key>sourceTree</key>
			<string>&lt;group&gt;</string>
		</dict>
		<key>FA064A4F195AC9930009F404</key>
		<dict>
			<key>children</key>
			<array>
				<string>FA064A50195AC9930009F404</string>
			</array>
			<key>isa</key>
			<string>PBXGroup</string>
			<key>name</key>
			<string>Supporting Files</string>
			<key>sourceTree</key>
			<string>&lt;group&gt;</string>
		</dict>
		<key>FA064A50195AC9930009F404</key>
		<dict>
			<key>isa</key>
			<string>PBXFileReference</string>
			<key>lastKnownFileType</key>
			<string>text.plist.xml</string>
			<key>path</key>
			<string>Info.plist</string>
			<key>sourceTree</key>
			<string>&lt;group&gt;</string>
		</dict>
		<key>FA064A51195AC9930009F404</key>
		<dict>
			<key>isa</key>
			<string>PBXFileReference</string>
			<key>lastKnownFileType</key>
			<string>sourcecode.swift</string>
			<key>path</key>
			<string>PortalTests.swift</string>
			<key>sourceTree</key>
			<string>&lt;group&gt;</string>
		</dict>
		<key>FA064A52195AC9930009F404</key>
		<dict>
			<key>fileRef</key>
			<string>FA064A51195AC9930009F404</string>
			<key>isa</key>
			<string>PBXBuildFile</string>
		</dict>
		<key>FA064A53195AC9930009F404</key>
		<dict>
			<key>buildSettings</key>
			<dict>
				<key>ALWAYS_SEARCH_USER_PATHS</key>
				<string>NO</string>
				<key>CLANG_CXX_LANGUAGE_STANDARD</key>
				<string>gnu++0x</string>
				<key>CLANG_CXX_LIBRARY</key>
				<string>libc++</string>
				<key>CLANG_ENABLE_MODULES</key>
				<string>YES</string>
				<key>CLANG_ENABLE_OBJC_ARC</key>
				<string>YES</string>
				<key>CLANG_WARN_BOOL_CONVERSION</key>
				<string>YES</string>
				<key>CLANG_WARN_CONSTANT_CONVERSION</key>
				<string>YES</string>
				<key>CLANG_WARN_DIRECT_OBJC_ISA_USAGE</key>
				<string>YES_ERROR</string>
				<key>CLANG_WARN_EMPTY_BODY</key>
				<string>YES</string>
				<key>CLANG_WARN_ENUM_CONVERSION</key>
				<string>YES</string>
				<key>CLANG_WARN_INT_CONVERSION</key>
				<string>YES</string>
				<key>CLANG_WARN_OBJC_ROOT_CLASS</key>
				<string>YES_ERROR</string>
				<key>CLANG_WARN_UNREACHABLE_CODE</key>
				<string>YES</string>
				<key>CLANG_WARN__DUPLICATE_METHOD_MATCH</key>
				<string>YES</string>
				<key>CODE_SIGN_IDENTITY[sdk=iphoneos*]</key>
				<string>iPhone Developer</string>
				<key>COPY_PHASE_STRIP</key>
				<string>NO</string>
				<key>ENABLE_STRICT_OBJC_MSGSEND</key>
				<string>YES</string>
				<key>GCC_C_LANGUAGE_STANDARD</key>
				<string>gnu99</string>
				<key>GCC_DYNAMIC_NO_PIC</key>
				<string>NO</string>
				<key>GCC_OPTIMIZATION_LEVEL</key>
				<string>0</string>
				<key>GCC_PREPROCESSOR_DEFINITIONS</key>
				<array>
					<string>DEBUG=1</string>
					<string>$(inherited)</string>
				</array>
				<key>GCC_SYMBOLS_PRIVATE_EXTERN</key>
				<string>NO</string>
				<key>GCC_WARN_64_TO_32_BIT_CONVERSION</key>
				<string>YES</string>
				<key>GCC_WARN_ABOUT_RETURN_TYPE</key>
				<string>YES_ERROR</string>
				<key>GCC_WARN_UNDECLARED_SELECTOR</key>
				<string>YES</string>
				<key>GCC_WARN_UNINITIALIZED_AUTOS</key>
				<string>YES_AGGRESSIVE</string>
				<key>GCC_WARN_UNUSED_FUNCTION</key>
				<string>YES</string>
				<key>GCC_WARN_UNUSED_VARIABLE</key>
				<string>YES</string>
				<key>IPHONEOS_DEPLOYMENT_TARGET</key>
				<string>8.0</string>
				<key>METAL_ENABLE_DEBUG_INFO</key>
				<string>YES</string>
				<key>ONLY_ACTIVE_ARCH</key>
				<string>YES</string>
				<key>SDKROOT</key>
				<string>iphoneos</string>
				<key>SWIFT_OPTIMIZATION_LEVEL</key>
				<string>-Onone</string>
			</dict>
			<key>isa</key>
			<string>XCBuildConfiguration</string>
			<key>name</key>
			<string>Debug</string>
		</dict>
		<key>FA064A54195AC9930009F404</key>
		<dict>
			<key>buildSettings</key>
			<dict>
				<key>ALWAYS_SEARCH_USER_PATHS</key>
				<string>NO</string>
				<key>CLANG_CXX_LANGUAGE_STANDARD</key>
				<string>gnu++0x</string>
				<key>CLANG_CXX_LIBRARY</key>
				<string>libc++</string>
				<key>CLANG_ENABLE_MODULES</key>
				<string>YES</string>
				<key>CLANG_ENABLE_OBJC_ARC</key>
				<string>YES</string>
				<key>CLANG_WARN_BOOL_CONVERSION</key>
				<string>YES</string>
				<key>CLANG_WARN_CONSTANT_CONVERSION</key>
				<string>YES</string>
				<key>CLANG_WARN_DIRECT_OBJC_ISA_USAGE</key>
				<string>YES_ERROR</string>
				<key>CLANG_WARN_EMPTY_BODY</key>
				<string>YES</string>
				<key>CLANG_WARN_ENUM_CONVERSION</key>
				<string>YES</string>
				<key>CLANG_WARN_INT_CONVERSION</key>
				<string>YES</string>
				<key>CLANG_WARN_OBJC_ROOT_CLASS</key>
				<string>YES_ERROR</string>
				<key>CLANG_WARN_UNREACHABLE_CODE</key>
				<string>YES</string>
				<key>CLANG_WARN__DUPLICATE_METHOD_MATCH</key>
				<string>YES</string>
				<key>CODE_SIGN_IDENTITY[sdk=iphoneos*]</key>
				<string>iPhone Developer</string>
				<key>COPY_PHASE_STRIP</key>
				<string>YES</string>
				<key>ENABLE_NS_ASSERTIONS</key>
				<string>NO</string>
				<key>ENABLE_STRICT_OBJC_MSGSEND</key>
				<string>YES</string>
				<key>GCC_C_LANGUAGE_STANDARD</key>
				<string>gnu99</string>
				<key>GCC_WARN_64_TO_32_BIT_CONVERSION</key>
				<string>YES</string>
				<key>GCC_WARN_ABOUT_RETURN_TYPE</key>
				<string>YES_ERROR</string>
				<key>GCC_WARN_UNDECLARED_SELECTOR</key>
				<string>YES</string>
				<key>GCC_WARN_UNINITIALIZED_AUTOS</key>
				<string>YES_AGGRESSIVE</string>
				<key>GCC_WARN_UNUSED_FUNCTION</key>
				<string>YES</string>
				<key>GCC_WARN_UNUSED_VARIABLE</key>
				<string>YES</string>
				<key>IPHONEOS_DEPLOYMENT_TARGET</key>
				<string>8.0</string>
				<key>METAL_ENABLE_DEBUG_INFO</key>
				<string>NO</string>
				<key>SDKROOT</key>
				<string>iphoneos</string>
				<key>VALIDATE_PRODUCT</key>
				<string>YES</string>
			</dict>
			<key>isa</key>
			<string>XCBuildConfiguration</string>
			<key>name</key>
			<string>Release</string>
		</dict>
		<key>FA064A55195AC9930009F404</key>
		<dict>
			<key>buildConfigurations</key>
			<array>
				<string>FA064A56195AC9930009F404</string>
				<string>FA064A57195AC9930009F404</string>
			</array>
			<key>defaultConfigurationIsVisible</key>
			<string>0</string>
			<key>isa</key>
			<string>XCConfigurationList</string>
		</dict>
		<key>FA064A56195AC9930009F404</key>
		<dict>
			<key>baseConfigurationReference</key>
			<string>E5CD4F6D93954F0EB6E2A0BB</string>
			<key>buildSettings</key>
			<dict>
				<key>ASSETCATALOG_COMPILER_APPICON_NAME</key>
				<string>AppIcon</string>
				<key>ASSETCATALOG_COMPILER_LAUNCHIMAGE_NAME</key>
				<string>LaunchImage</string>
				<key>INFOPLIST_FILE</key>
				<string>Portal/Info.plist</string>
				<key>LD_RUNPATH_SEARCH_PATHS</key>
				<string>$(inherited) @executable_path/Frameworks</string>
				<key>PRODUCT_NAME</key>
				<string>$(TARGET_NAME)</string>
				<key>SWIFT_OBJC_BRIDGING_HEADER</key>
				<string>Portal/Portal-Bridging-Header.h</string>
			</dict>
			<key>isa</key>
			<string>XCBuildConfiguration</string>
			<key>name</key>
			<string>Debug</string>
		</dict>
		<key>FA064A57195AC9930009F404</key>
		<dict>
			<key>baseConfigurationReference</key>
			<string>E5CD4F6D93954F0EB6E2A0BB</string>
			<key>buildSettings</key>
			<dict>
				<key>ASSETCATALOG_COMPILER_APPICON_NAME</key>
				<string>AppIcon</string>
				<key>ASSETCATALOG_COMPILER_LAUNCHIMAGE_NAME</key>
				<string>LaunchImage</string>
				<key>INFOPLIST_FILE</key>
				<string>Portal/Info.plist</string>
				<key>LD_RUNPATH_SEARCH_PATHS</key>
				<string>$(inherited) @executable_path/Frameworks</string>
				<key>PRODUCT_NAME</key>
				<string>$(TARGET_NAME)</string>
				<key>SWIFT_OBJC_BRIDGING_HEADER</key>
				<string>Portal/Portal-Bridging-Header.h</string>
			</dict>
			<key>isa</key>
			<string>XCBuildConfiguration</string>
			<key>name</key>
			<string>Release</string>
		</dict>
		<key>FA064A58195AC9930009F404</key>
		<dict>
			<key>buildConfigurations</key>
			<array>
				<string>FA064A59195AC9930009F404</string>
				<string>FA064A5A195AC9930009F404</string>
			</array>
			<key>defaultConfigurationIsVisible</key>
			<string>0</string>
			<key>isa</key>
			<string>XCConfigurationList</string>
		</dict>
		<key>FA064A59195AC9930009F404</key>
		<dict>
			<key>buildSettings</key>
			<dict>
				<key>BUNDLE_LOADER</key>
				<string>$(BUILT_PRODUCTS_DIR)/Portal.app/Portal</string>
				<key>FRAMEWORK_SEARCH_PATHS</key>
				<array>
					<string>$(SDKROOT)/Developer/Library/Frameworks</string>
					<string>$(inherited)</string>
				</array>
				<key>GCC_PREPROCESSOR_DEFINITIONS</key>
				<array>
					<string>DEBUG=1</string>
					<string>$(inherited)</string>
				</array>
				<key>INFOPLIST_FILE</key>
				<string>PortalTests/Info.plist</string>
				<key>LD_RUNPATH_SEARCH_PATHS</key>
				<string>$(inherited) @executable_path/Frameworks @loader_path/Frameworks</string>
				<key>METAL_ENABLE_DEBUG_INFO</key>
				<string>YES</string>
				<key>PRODUCT_NAME</key>
				<string>$(TARGET_NAME)</string>
				<key>TEST_HOST</key>
				<string>$(BUNDLE_LOADER)</string>
			</dict>
			<key>isa</key>
			<string>XCBuildConfiguration</string>
			<key>name</key>
			<string>Debug</string>
		</dict>
		<key>FA064A5A195AC9930009F404</key>
		<dict>
			<key>buildSettings</key>
			<dict>
				<key>BUNDLE_LOADER</key>
				<string>$(BUILT_PRODUCTS_DIR)/Portal.app/Portal</string>
				<key>FRAMEWORK_SEARCH_PATHS</key>
				<array>
					<string>$(SDKROOT)/Developer/Library/Frameworks</string>
					<string>$(inherited)</string>
				</array>
				<key>INFOPLIST_FILE</key>
				<string>PortalTests/Info.plist</string>
				<key>LD_RUNPATH_SEARCH_PATHS</key>
				<string>$(inherited) @executable_path/Frameworks @loader_path/Frameworks</string>
				<key>METAL_ENABLE_DEBUG_INFO</key>
				<string>NO</string>
				<key>PRODUCT_NAME</key>
				<string>$(TARGET_NAME)</string>
				<key>TEST_HOST</key>
				<string>$(BUNDLE_LOADER)</string>
			</dict>
			<key>isa</key>
			<string>XCBuildConfiguration</string>
			<key>name</key>
			<string>Release</string>
		</dict>
		<key>FA064A5B195AC9EA0009F404</key>
		<dict>
			<key>children</key>
			<array>
				<string>FA064A5C195AC9EA0009F404</string>
				<string>FA064A5D195AC9EA0009F404</string>
				<string>FA064A5E195AC9EA0009F404</string>
				<string>FA064A5F195AC9EA0009F404</string>
				<string>FA064A60195AC9EA0009F404</string>
				<string>FA064A61195AC9EA0009F404</string>
				<string>FA064A62195AC9EA0009F404</string>
				<string>FA064A63195AC9EA0009F404</string>
				<string>FA064A64195AC9EA0009F404</string>
				<string>FA064A65195AC9EA0009F404</string>
			</array>
			<key>isa</key>
			<string>PBXGroup</string>
			<key>path</key>
			<string>MUIKit</string>
			<key>sourceTree</key>
			<string>&lt;group&gt;</string>
		</dict>
		<key>FA064A5C195AC9EA0009F404</key>
		<dict>
			<key>fileEncoding</key>
			<string>4</string>
			<key>isa</key>
			<string>PBXFileReference</string>
			<key>lastKnownFileType</key>
			<string>sourcecode.swift</string>
			<key>path</key>
			<string>BaseMUIViewController.swift</string>
			<key>sourceTree</key>
			<string>&lt;group&gt;</string>
		</dict>
		<key>FA064A5D195AC9EA0009F404</key>
		<dict>
			<key>fileEncoding</key>
			<string>4</string>
			<key>isa</key>
			<string>PBXFileReference</string>
			<key>lastKnownFileType</key>
			<string>sourcecode.swift</string>
			<key>path</key>
			<string>MUIButton.swift</string>
			<key>sourceTree</key>
			<string>&lt;group&gt;</string>
		</dict>
		<key>FA064A5E195AC9EA0009F404</key>
		<dict>
			<key>fileEncoding</key>
			<string>4</string>
			<key>isa</key>
			<string>PBXFileReference</string>
			<key>lastKnownFileType</key>
			<string>sourcecode.swift</string>
			<key>path</key>
			<string>MUILabel.swift</string>
			<key>sourceTree</key>
			<string>&lt;group&gt;</string>
		</dict>
		<key>FA064A5F195AC9EA0009F404</key>
		<dict>
			<key>fileEncoding</key>
			<string>4</string>
			<key>isa</key>
			<string>PBXFileReference</string>
			<key>lastKnownFileType</key>
			<string>sourcecode.swift</string>
			<key>path</key>
			<string>MUIListCellView.swift</string>
			<key>sourceTree</key>
			<string>&lt;group&gt;</string>
		</dict>
		<key>FA064A60195AC9EA0009F404</key>
		<dict>
			<key>fileEncoding</key>
			<string>4</string>
			<key>isa</key>
			<string>PBXFileReference</string>
			<key>lastKnownFileType</key>
			<string>sourcecode.swift</string>
			<key>path</key>
			<string>MUIScrollView.swift</string>
			<key>sourceTree</key>
			<string>&lt;group&gt;</string>
		</dict>
		<key>FA064A61195AC9EA0009F404</key>
		<dict>
			<key>fileEncoding</key>
			<string>4</string>
			<key>isa</key>
			<string>PBXFileReference</string>
			<key>lastKnownFileType</key>
			<string>sourcecode.swift</string>
			<key>path</key>
			<string>MUITableView.swift</string>
			<key>sourceTree</key>
			<string>&lt;group&gt;</string>
		</dict>
		<key>FA064A62195AC9EA0009F404</key>
		<dict>
			<key>fileEncoding</key>
			<string>4</string>
			<key>isa</key>
			<string>PBXFileReference</string>
			<key>lastKnownFileType</key>
			<string>sourcecode.swift</string>
			<key>path</key>
			<string>MUITableViewCell.swift</string>
			<key>sourceTree</key>
			<string>&lt;group&gt;</string>
		</dict>
		<key>FA064A63195AC9EA0009F404</key>
		<dict>
			<key>fileEncoding</key>
			<string>4</string>
			<key>isa</key>
			<string>PBXFileReference</string>
			<key>lastKnownFileType</key>
			<string>sourcecode.swift</string>
			<key>path</key>
			<string>MUITextField.swift</string>
			<key>sourceTree</key>
			<string>&lt;group&gt;</string>
		</dict>
		<key>FA064A64195AC9EA0009F404</key>
		<dict>
			<key>fileEncoding</key>
			<string>4</string>
			<key>isa</key>
			<string>PBXFileReference</string>
			<key>lastKnownFileType</key>
			<string>sourcecode.swift</string>
			<key>path</key>
			<string>MUITextFieldWithLabelView.swift</string>
			<key>sourceTree</key>
			<string>&lt;group&gt;</string>
		</dict>
		<key>FA064A65195AC9EA0009F404</key>
		<dict>
			<key>fileEncoding</key>
			<string>4</string>
			<key>isa</key>
			<string>PBXFileReference</string>
			<key>lastKnownFileType</key>
			<string>sourcecode.swift</string>
			<key>path</key>
			<string>MUIView.swift</string>
			<key>sourceTree</key>
			<string>&lt;group&gt;</string>
		</dict>
		<key>FA064A66195AC9EA0009F404</key>
		<dict>
			<key>children</key>
			<array>
				<string>FA064A67195AC9EA0009F404</string>
				<string>FA064A69195AC9EA0009F404</string>
			</array>
			<key>isa</key>
			<string>PBXGroup</string>
			<key>path</key>
			<string>Assets</string>
			<key>sourceTree</key>
			<string>&lt;group&gt;</string>
		</dict>
		<key>FA064A67195AC9EA0009F404</key>
		<dict>
			<key>children</key>
			<array>
				<string>FA064A68195AC9EA0009F404</string>
			</array>
			<key>isa</key>
			<string>PBXGroup</string>
			<key>path</key>
			<string>fonts</string>
			<key>sourceTree</key>
			<string>&lt;group&gt;</string>
		</dict>
		<key>FA064A68195AC9EA0009F404</key>
		<dict>
			<key>isa</key>
			<string>PBXFileReference</string>
			<key>lastKnownFileType</key>
			<string>file</string>
			<key>path</key>
			<string>rei.ttf</string>
			<key>sourceTree</key>
			<string>&lt;group&gt;</string>
		</dict>
		<key>FA064A69195AC9EA0009F404</key>
		<dict>
			<key>children</key>
			<array>
				<string>FA064A6A195AC9EA0009F404</string>
				<string>FA064A6B195AC9EA0009F404</string>
				<string>FA064A6C195AC9EA0009F404</string>
				<string>FA064A6D195AC9EA0009F404</string>
				<string>FA064A6E195AC9EA0009F404</string>
				<string>FA064A6F195AC9EA0009F404</string>
				<string>FA064A70195AC9EA0009F404</string>
			</array>
			<key>isa</key>
			<string>PBXGroup</string>
			<key>path</key>
			<string>images</string>
			<key>sourceTree</key>
			<string>&lt;group&gt;</string>
		</dict>
		<key>FA064A6A195AC9EA0009F404</key>
		<dict>
			<key>isa</key>
			<string>PBXFileReference</string>
			<key>lastKnownFileType</key>
			<string>image.jpeg</string>
			<key>path</key>
			<string>1.jpg</string>
			<key>sourceTree</key>
			<string>&lt;group&gt;</string>
		</dict>
		<key>FA064A6B195AC9EA0009F404</key>
		<dict>
			<key>isa</key>
			<string>PBXFileReference</string>
			<key>lastKnownFileType</key>
			<string>image.jpeg</string>
			<key>path</key>
			<string>2.jpg</string>
			<key>sourceTree</key>
			<string>&lt;group&gt;</string>
		</dict>
		<key>FA064A6C195AC9EA0009F404</key>
		<dict>
			<key>isa</key>
			<string>PBXFileReference</string>
			<key>lastKnownFileType</key>
			<string>image.jpeg</string>
			<key>path</key>
			<string>3.jpg</string>
			<key>sourceTree</key>
			<string>&lt;group&gt;</string>
		</dict>
		<key>FA064A6D195AC9EA0009F404</key>
		<dict>
			<key>isa</key>
			<string>PBXFileReference</string>
			<key>lastKnownFileType</key>
			<string>image.png</string>
			<key>path</key>
			<string>icon-29@2x.png</string>
			<key>sourceTree</key>
			<string>&lt;group&gt;</string>
		</dict>
		<key>FA064A6E195AC9EA0009F404</key>
		<dict>
			<key>isa</key>
			<string>PBXFileReference</string>
			<key>lastKnownFileType</key>
			<string>image.png</string>
			<key>path</key>
			<string>icon-40@2x.png</string>
			<key>sourceTree</key>
			<string>&lt;group&gt;</string>
		</dict>
		<key>FA064A6F195AC9EA0009F404</key>
		<dict>
			<key>isa</key>
			<string>PBXFileReference</string>
			<key>lastKnownFileType</key>
			<string>image.png</string>
			<key>path</key>
			<string>icon-60@2x.png</string>
			<key>sourceTree</key>
			<string>&lt;group&gt;</string>
		</dict>
		<key>FA064A70195AC9EA0009F404</key>
		<dict>
			<key>isa</key>
			<string>PBXFileReference</string>
			<key>lastKnownFileType</key>
			<string>image.png</string>
			<key>path</key>
			<string>swift-hero@2x.png</string>
			<key>sourceTree</key>
			<string>&lt;group&gt;</string>
		</dict>
		<key>FA064A71195AC9EA0009F404</key>
		<dict>
			<key>children</key>
			<array>
				<string>FA064A72195AC9EA0009F404</string>
				<string>FA064A73195AC9EA0009F404</string>
			</array>
			<key>isa</key>
			<string>PBXGroup</string>
			<key>path</key>
			<string>Base Modules</string>
			<key>sourceTree</key>
			<string>&lt;group&gt;</string>
		</dict>
		<key>FA064A72195AC9EA0009F404</key>
		<dict>
			<key>fileEncoding</key>
			<string>4</string>
			<key>isa</key>
			<string>PBXFileReference</string>
			<key>lastKnownFileType</key>
			<string>sourcecode.swift</string>
			<key>path</key>
			<string>HttpRequest.swift</string>
			<key>sourceTree</key>
			<string>&lt;group&gt;</string>
		</dict>
		<key>FA064A73195AC9EA0009F404</key>
		<dict>
			<key>fileEncoding</key>
			<string>4</string>
			<key>isa</key>
			<string>PBXFileReference</string>
			<key>lastKnownFileType</key>
			<string>sourcecode.swift</string>
			<key>path</key>
			<string>JSON.swift</string>
			<key>sourceTree</key>
			<string>&lt;group&gt;</string>
		</dict>
		<key>FA064A74195AC9EA0009F404</key>
		<dict>
			<key>children</key>
			<array>
				<string>FA064A75195AC9EA0009F404</string>
			</array>
			<key>isa</key>
			<string>PBXGroup</string>
			<key>path</key>
			<string>Data</string>
			<key>sourceTree</key>
			<string>&lt;group&gt;</string>
		</dict>
		<key>FA064A75195AC9EA0009F404</key>
		<dict>
			<key>fileEncoding</key>
			<string>4</string>
			<key>isa</key>
			<string>PBXFileReference</string>
			<key>lastKnownFileType</key>
			<string>text.plist.xml</string>
			<key>path</key>
			<string>posts.plist</string>
			<key>sourceTree</key>
			<string>&lt;group&gt;</string>
		</dict>
		<key>FA064A76195AC9EA0009F404</key>
		<dict>
			<key>children</key>
			<array>
				<string>FA064A77195AC9EA0009F404</string>
				<string>FA064A78195AC9EA0009F404</string>
				<string>FA064A79195AC9EA0009F404</string>
				<string>FA064A7A195AC9EA0009F404</string>
			</array>
			<key>isa</key>
			<string>PBXGroup</string>
			<key>path</key>
			<string>Custom Classes</string>
			<key>sourceTree</key>
			<string>&lt;group&gt;</string>
		</dict>
		<key>FA064A77195AC9EA0009F404</key>
		<dict>
			<key>fileEncoding</key>
			<string>4</string>
			<key>isa</key>
			<string>PBXFileReference</string>
			<key>lastKnownFileType</key>
			<string>sourcecode.c.h</string>
			<key>path</key>
			<string>MathSum.h</string>
			<key>sourceTree</key>
			<string>&lt;group&gt;</string>
		</dict>
		<key>FA064A78195AC9EA0009F404</key>
		<dict>
			<key>fileEncoding</key>
			<string>4</string>
			<key>isa</key>
			<string>PBXFileReference</string>
			<key>lastKnownFileType</key>
			<string>sourcecode.c.objc</string>
			<key>path</key>
			<string>MathSum.m</string>
			<key>sourceTree</key>
			<string>&lt;group&gt;</string>
		</dict>
		<key>FA064A79195AC9EA0009F404</key>
		<dict>
			<key>fileEncoding</key>
			<string>4</string>
			<key>isa</key>
			<string>PBXFileReference</string>
			<key>lastKnownFileType</key>
			<string>sourcecode.c.h</string>
			<key>path</key>
			<string>UIColor+Hex.h</string>
			<key>sourceTree</key>
			<string>&lt;group&gt;</string>
		</dict>
		<key>FA064A7A195AC9EA0009F404</key>
		<dict>
			<key>fileEncoding</key>
			<string>4</string>
			<key>isa</key>
			<string>PBXFileReference</string>
			<key>lastKnownFileType</key>
			<string>sourcecode.c.objc</string>
			<key>path</key>
			<string>UIColor+Hex.m</string>
			<key>sourceTree</key>
			<string>&lt;group&gt;</string>
		</dict>
		<key>FA064A7B195AC9EA0009F404</key>
		<dict>
			<key>fileEncoding</key>
			<string>4</string>
			<key>isa</key>
			<string>PBXFileReference</string>
			<key>lastKnownFileType</key>
			<string>sourcecode.swift</string>
			<key>path</key>
			<string>SwiftMath.swift</string>
			<key>sourceTree</key>
			<string>&lt;group&gt;</string>
		</dict>
		<key>FA064A7C195AC9EA0009F404</key>
		<dict>
			<key>fileRef</key>
			<string>FA064A5C195AC9EA0009F404</string>
			<key>isa</key>
			<string>PBXBuildFile</string>
		</dict>
		<key>FA064A7D195AC9EA0009F404</key>
		<dict>
			<key>fileRef</key>
			<string>FA064A5D195AC9EA0009F404</string>
			<key>isa</key>
			<string>PBXBuildFile</string>
		</dict>
		<key>FA064A7E195AC9EA0009F404</key>
		<dict>
			<key>fileRef</key>
			<string>FA064A5E195AC9EA0009F404</string>
			<key>isa</key>
			<string>PBXBuildFile</string>
		</dict>
		<key>FA064A7F195AC9EA0009F404</key>
		<dict>
			<key>fileRef</key>
			<string>FA064A5F195AC9EA0009F404</string>
			<key>isa</key>
			<string>PBXBuildFile</string>
		</dict>
		<key>FA064A80195AC9EA0009F404</key>
		<dict>
			<key>fileRef</key>
			<string>FA064A60195AC9EA0009F404</string>
			<key>isa</key>
			<string>PBXBuildFile</string>
		</dict>
		<key>FA064A81195AC9EA0009F404</key>
		<dict>
			<key>fileRef</key>
			<string>FA064A61195AC9EA0009F404</string>
			<key>isa</key>
			<string>PBXBuildFile</string>
		</dict>
		<key>FA064A82195AC9EA0009F404</key>
		<dict>
			<key>fileRef</key>
			<string>FA064A62195AC9EA0009F404</string>
			<key>isa</key>
			<string>PBXBuildFile</string>
		</dict>
		<key>FA064A83195AC9EA0009F404</key>
		<dict>
			<key>fileRef</key>
			<string>FA064A63195AC9EA0009F404</string>
			<key>isa</key>
			<string>PBXBuildFile</string>
		</dict>
		<key>FA064A84195AC9EA0009F404</key>
		<dict>
			<key>fileRef</key>
			<string>FA064A64195AC9EA0009F404</string>
			<key>isa</key>
			<string>PBXBuildFile</string>
		</dict>
		<key>FA064A85195AC9EA0009F404</key>
		<dict>
			<key>fileRef</key>
			<string>FA064A65195AC9EA0009F404</string>
			<key>isa</key>
			<string>PBXBuildFile</string>
		</dict>
		<key>FA064A86195AC9EA0009F404</key>
		<dict>
			<key>fileRef</key>
			<string>FA064A68195AC9EA0009F404</string>
			<key>isa</key>
			<string>PBXBuildFile</string>
		</dict>
		<key>FA064A87195AC9EA0009F404</key>
		<dict>
			<key>fileRef</key>
			<string>FA064A6A195AC9EA0009F404</string>
			<key>isa</key>
			<string>PBXBuildFile</string>
		</dict>
		<key>FA064A88195AC9EA0009F404</key>
		<dict>
			<key>fileRef</key>
			<string>FA064A6B195AC9EA0009F404</string>
			<key>isa</key>
			<string>PBXBuildFile</string>
		</dict>
		<key>FA064A89195AC9EA0009F404</key>
		<dict>
			<key>fileRef</key>
			<string>FA064A6C195AC9EA0009F404</string>
			<key>isa</key>
			<string>PBXBuildFile</string>
		</dict>
		<key>FA064A8A195AC9EA0009F404</key>
		<dict>
			<key>fileRef</key>
			<string>FA064A6D195AC9EA0009F404</string>
			<key>isa</key>
			<string>PBXBuildFile</string>
		</dict>
		<key>FA064A8B195AC9EA0009F404</key>
		<dict>
			<key>fileRef</key>
			<string>FA064A6E195AC9EA0009F404</string>
			<key>isa</key>
			<string>PBXBuildFile</string>
		</dict>
		<key>FA064A8C195AC9EA0009F404</key>
		<dict>
			<key>fileRef</key>
			<string>FA064A6F195AC9EA0009F404</string>
			<key>isa</key>
			<string>PBXBuildFile</string>
		</dict>
		<key>FA064A8D195AC9EA0009F404</key>
		<dict>
			<key>fileRef</key>
			<string>FA064A70195AC9EA0009F404</string>
			<key>isa</key>
			<string>PBXBuildFile</string>
		</dict>
		<key>FA064A8E195AC9EA0009F404</key>
		<dict>
			<key>fileRef</key>
			<string>FA064A72195AC9EA0009F404</string>
			<key>isa</key>
			<string>PBXBuildFile</string>
		</dict>
		<key>FA064A8F195AC9EA0009F404</key>
		<dict>
			<key>fileRef</key>
			<string>FA064A73195AC9EA0009F404</string>
			<key>isa</key>
			<string>PBXBuildFile</string>
		</dict>
		<key>FA064A90195AC9EA0009F404</key>
		<dict>
			<key>fileRef</key>
			<string>FA064A75195AC9EA0009F404</string>
			<key>isa</key>
			<string>PBXBuildFile</string>
		</dict>
		<key>FA064A92195AC9EA0009F404</key>
		<dict>
			<key>fileRef</key>
			<string>FA064A7A195AC9EA0009F404</string>
			<key>isa</key>
			<string>PBXBuildFile</string>
		</dict>
		<key>FA064A96195ACD510009F404</key>
		<dict>
			<key>isa</key>
			<string>PBXFileReference</string>
			<key>lastKnownFileType</key>
			<string>sourcecode.c.h</string>
			<key>path</key>
			<string>Portal-Bridging-Header.h</string>
			<key>sourceTree</key>
			<string>&lt;group&gt;</string>
		</dict>
		<key>FA064A97195ACEAF0009F404</key>
		<dict>
			<key>children</key>
			<array>
				<string>FA064A98195ACEAF0009F404</string>
				<string>FA064A99195ACEAF0009F404</string>
				<string>FA064A9A195ACEAF0009F404</string>
				<string>FA064A9B195ACEAF0009F404</string>
				<string>FA064A9C195ACEAF0009F404</string>
				<string>FA064A9D195ACEAF0009F404</string>
			</array>
			<key>isa</key>
			<string>PBXGroup</string>
			<key>path</key>
			<string>View Controllers</string>
			<key>sourceTree</key>
			<string>&lt;group&gt;</string>
		</dict>
		<key>FA064A98195ACEAF0009F404</key>
		<dict>
			<key>fileEncoding</key>
			<string>4</string>
			<key>isa</key>
			<string>PBXFileReference</string>
			<key>lastKnownFileType</key>
			<string>sourcecode.swift</string>
			<key>path</key>
			<string>DetailViewController.swift</string>
			<key>sourceTree</key>
			<string>&lt;group&gt;</string>
		</dict>
		<key>FA064A99195ACEAF0009F404</key>
		<dict>
			<key>fileEncoding</key>
			<string>4</string>
			<key>isa</key>
			<string>PBXFileReference</string>
			<key>lastKnownFileType</key>
			<string>sourcecode.swift</string>
			<key>path</key>
			<string>IndexViewController.swift</string>
			<key>sourceTree</key>
			<string>&lt;group&gt;</string>
		</dict>
		<key>FA064A9A195ACEAF0009F404</key>
		<dict>
			<key>fileEncoding</key>
			<string>4</string>
			<key>isa</key>
			<string>PBXFileReference</string>
			<key>lastKnownFileType</key>
			<string>sourcecode.swift</string>
			<key>path</key>
			<string>ListViewController.swift</string>
			<key>sourceTree</key>
			<string>&lt;group&gt;</string>
		</dict>
		<key>FA064A9B195ACEAF0009F404</key>
		<dict>
			<key>fileEncoding</key>
			<string>4</string>
			<key>isa</key>
			<string>PBXFileReference</string>
			<key>lastKnownFileType</key>
			<string>sourcecode.swift</string>
			<key>path</key>
			<string>RootViewController.swift</string>
			<key>sourceTree</key>
			<string>&lt;group&gt;</string>
		</dict>
		<key>FA064A9C195ACEAF0009F404</key>
		<dict>
			<key>fileEncoding</key>
			<string>4</string>
			<key>isa</key>
			<string>PBXFileReference</string>
			<key>lastKnownFileType</key>
			<string>sourcecode.swift</string>
			<key>path</key>
			<string>textfieldTableViewController.swift</string>
			<key>sourceTree</key>
			<string>&lt;group&gt;</string>
		</dict>
		<key>FA064A9D195ACEAF0009F404</key>
		<dict>
			<key>fileEncoding</key>
			<string>4</string>
			<key>isa</key>
			<string>PBXFileReference</string>
			<key>lastKnownFileType</key>
			<string>sourcecode.swift</string>
			<key>path</key>
			<string>WelComeViewController.swift</string>
			<key>sourceTree</key>
			<string>&lt;group&gt;</string>
		</dict>
		<key>FA064A9E195ACEAF0009F404</key>
		<dict>
			<key>fileRef</key>
			<string>FA064A98195ACEAF0009F404</string>
			<key>isa</key>
			<string>PBXBuildFile</string>
		</dict>
		<key>FA064A9F195ACEAF0009F404</key>
		<dict>
			<key>fileRef</key>
			<string>FA064A99195ACEAF0009F404</string>
			<key>isa</key>
			<string>PBXBuildFile</string>
		</dict>
		<key>FA064AA0195ACEAF0009F404</key>
		<dict>
			<key>fileRef</key>
			<string>FA064A9A195ACEAF0009F404</string>
			<key>isa</key>
			<string>PBXBuildFile</string>
		</dict>
		<key>FA064AA1195ACEAF0009F404</key>
		<dict>
			<key>fileRef</key>
			<string>FA064A9B195ACEAF0009F404</string>
			<key>isa</key>
			<string>PBXBuildFile</string>
		</dict>
		<key>FA064AA2195ACEAF0009F404</key>
		<dict>
			<key>fileRef</key>
			<string>FA064A9C195ACEAF0009F404</string>
			<key>isa</key>
			<string>PBXBuildFile</string>
		</dict>
		<key>FA064AA3195ACEAF0009F404</key>
		<dict>
			<key>fileRef</key>
			<string>FA064A9D195ACEAF0009F404</string>
			<key>isa</key>
			<string>PBXBuildFile</string>
		</dict>
	</dict>
	<key>rootObject</key>
	<string>FA064A33195AC9930009F404</string>
</dict>
</plist>
